
Microsoft Visual Studio Solution File, Format Version 12.00
# Visual Studio 15
VisualStudioVersion = 15.0.28307.960
MinimumVisualStudioVersion = 10.0.40219.1
Project("{FAE04EC0-301F-11D3-BF4B-00C04F79EFBC}") = "WebAPI", "WebAPI\WebAPI.csproj", "{32C844E8-8633-4FD2-8FA4-46043106E74F}"
EndProject
Global
	GlobalSection(SolutionConfigurationPlatforms) = preSolution
		Debug|Any CPU = Debug|Any CPU
		Release|Any CPU = Release|Any CPU
	EndGlobalSection
	GlobalSection(ProjectConfigurationPlatforms) = postSolution
		{32C844E8-8633-4FD2-8FA4-46043106E74F}.Debug|Any CPU.ActiveCfg = Debug|Any CPU
		{32C844E8-8633-4FD2-8FA4-46043106E74F}.Debug|Any CPU.Build.0 = Debug|Any CPU
		{32C844E8-8633-4FD2-8FA4-46043106E74F}.Release|Any CPU.ActiveCfg = Release|Any CPU
		{32C844E8-8633-4FD2-8FA4-46043106E74F}.Release|Any CPU.Build.0 = Release|Any CPU
	EndGlobalSection
	GlobalSection(SolutionProperties) = preSolution
		HideSolutionNode = FALSE
	EndGlobalSection
	GlobalSection(ExtensibilityGlobals) = postSolution
		SolutionGuid = {F0DBE096-62D7-4E9A-9A99-E5BA88EFD55E}
	EndGlobalSection
EndGlobal
